// !$*UTF8*$!
{
	archiveVersion = 1;
	classes = {};
	objectVersion = 56;
	objects = {
		000000000000000000002710 = {isa = PBXFileReference; lastKnownFileType = folder.assetcatalog; path = Assets.xcassets; sourceTree = "<group>"; };
		000000000000000000002711 = {isa = PBXBuildFile; fileRef = 000000000000000000002710; };
		0000000000000000000003E8 = {isa = PBXFileReference; lastKnownFileType = sourcecode.swift; path = "KioskView.swift"; sourceTree = "<group>"; };
		0000000000000000000007D0 = {isa = PBXBuildFile; fileRef = 0000000000000000000003E8; };
		0000000000000000000003E9 = {isa = PBXFileReference; lastKnownFileType = sourcecode.swift; path = "Models/CatalogFilters.swift"; sourceTree = "<group>"; };
		0000000000000000000007D1 = {isa = PBXBuildFile; fileRef = 0000000000000000000003E9; };
		0000000000000000000003EA = {isa = PBXFileReference; lastKnownFileType = sourcecode.swift; path = "Models/CustomerRequestState.swift"; sourceTree = "<group>"; };
		0000000000000000000007D2 = {isa = PBXBuildFile; fileRef = 0000000000000000000003EA; };
		0000000000000000000003EB = {isa = PBXFileReference; lastKnownFileType = sourcecode.swift; path = "Models/KioskCatalog.swift"; sourceTree = "<group>"; };
		0000000000000000000007D3 = {isa = PBXBuildFile; fileRef = 0000000000000000000003EB; };
		0000000000000000000003EC = {isa = PBXFileReference; lastKnownFileType = sourcecode.swift; path = "Models/KioskCategory.swift"; sourceTree = "<group>"; };
		0000000000000000000007D4 = {isa = PBXBuildFile; fileRef = 0000000000000000000003EC; };
		0000000000000000000003ED = {isa = PBXFileReference; lastKnownFileType = sourcecode.swift; path = "Models/KioskProduct.swift"; sourceTree = "<group>"; };
		0000000000000000000007D5 = {isa = PBXBuildFile; fileRef = 0000000000000000000003ED; };
		0000000000000000000003EE = {isa = PBXFileReference; lastKnownFileType = sourcecode.swift; path = "Models/KioskProductRequest.swift"; sourceTree = "<group>"; };
		0000000000000000000007D6 = {isa = PBXBuildFile; fileRef = 0000000000000000000003EE; };
		0000000000000000000003EF = {isa = PBXFileReference; lastKnownFileType = sourcecode.swift; path = "Models/KioskQueueResponse.swift"; sourceTree = "<group>"; };
		0000000000000000000007D7 = {isa = PBXBuildFile; fileRef = 0000000000000000000003EF; };
		0000000000000000000003F0 = {isa = PBXFileReference; lastKnownFileType = sourcecode.swift; path = "Models/KioskRequestReceipt.swift"; sourceTree = "<group>"; };
		0000000000000000000007D8 = {isa = PBXBuildFile; fileRef = 0000000000000000000003F0; };
		0000000000000000000003F1 = {isa = PBXFileReference; lastKnownFileType = sourcecode.swift; path = "Models/KioskRequestStatus.swift"; sourceTree = "<group>"; };
		0000000000000000000007D9 = {isa = PBXBuildFile; fileRef = 0000000000000000000003F1; };
		0000000000000000000003F2 = {isa = PBXFileReference; lastKnownFileType = sourcecode.swift; path = "Models/KioskStore.swift"; sourceTree = "<group>"; };
		0000000000000000000007DA = {isa = PBXBuildFile; fileRef = 0000000000000000000003F2; };
		0000000000000000000003F3 = {isa = PBXFileReference; lastKnownFileType = sourcecode.swift; path = "Models/ListingBlock.swift"; sourceTree = "<group>"; };
		0000000000000000000007DB = {isa = PBXBuildFile; fileRef = 0000000000000000000003F3; };
		0000000000000000000003F4 = {isa = PBXFileReference; lastKnownFileType = sourcecode.swift; path = "Services/KioskAPI.swift"; sourceTree = "<group>"; };
		0000000000000000000007DC = {isa = PBXBuildFile; fileRef = 0000000000000000000003F4; };
		0000000000000000000003F5 = {isa = PBXFileReference; lastKnownFileType = sourcecode.swift; path = "Services/KioskAPIError.swift"; sourceTree = "<group>"; };
		0000000000000000000007DD = {isa = PBXBuildFile; fileRef = 0000000000000000000003F5; };
		0000000000000000000003F6 = {isa = PBXFileReference; lastKnownFileType = sourcecode.swift; path = "Services/KioskConfiguration.swift"; sourceTree = "<group>"; };
		0000000000000000000007DE = {isa = PBXBuildFile; fileRef = 0000000000000000000003F6; };
		0000000000000000000003F7 = {isa = PBXFileReference; lastKnownFileType = sourcecode.swift; path = "Services/KioskRequestQueue.swift"; sourceTree = "<group>"; };
		0000000000000000000007DF = {isa = PBXBuildFile; fileRef = 0000000000000000000003F7; };
		0000000000000000000003F8 = {isa = PBXFileReference; lastKnownFileType = sourcecode.swift; path = "Services/KioskServing.swift"; sourceTree = "<group>"; };
		0000000000000000000007E0 = {isa = PBXBuildFile; fileRef = 0000000000000000000003F8; };
		0000000000000000000003F9 = {isa = PBXFileReference; lastKnownFileType = sourcecode.swift; path = "Services/KioskSession.swift"; sourceTree = "<group>"; };
		0000000000000000000007E1 = {isa = PBXBuildFile; fileRef = 0000000000000000000003F9; };
		0000000000000000000003FA = {isa = PBXFileReference; lastKnownFileType = sourcecode.swift; path = "Services/StoreAddress.swift"; sourceTree = "<group>"; };
		0000000000000000000007E2 = {isa = PBXBuildFile; fileRef = 0000000000000000000003FA; };
		0000000000000000000003FB = {isa = PBXFileReference; lastKnownFileType = sourcecode.swift; path = "Views/Customer/KioskCatalogFiltersView.swift"; sourceTree = "<group>"; };
		0000000000000000000007E3 = {isa = PBXBuildFile; fileRef = 0000000000000000000003FB; };
		0000000000000000000003FC = {isa = PBXFileReference; lastKnownFileType = sourcecode.swift; path = "Views/Customer/KioskCatalogNotice.swift"; sourceTree = "<group>"; };
		0000000000000000000007E4 = {isa = PBXBuildFile; fileRef = 0000000000000000000003FC; };
		0000000000000000000003FD = {isa = PBXFileReference; lastKnownFileType = sourcecode.swift; path = "Views/Customer/KioskCatalogView.swift"; sourceTree = "<group>"; };
		0000000000000000000007E5 = {isa = PBXBuildFile; fileRef = 0000000000000000000003FD; };
		0000000000000000000003FE = {isa = PBXFileReference; lastKnownFileType = sourcecode.swift; path = "Views/Customer/KioskCustomerStyle.swift"; sourceTree = "<group>"; };
		0000000000000000000007E6 = {isa = PBXBuildFile; fileRef = 0000000000000000000003FE; };
		0000000000000000000003FF = {isa = PBXFileReference; lastKnownFileType = sourcecode.swift; path = "Views/Customer/KioskListingBlockView.swift"; sourceTree = "<group>"; };
		0000000000000000000007E7 = {isa = PBXBuildFile; fileRef = 0000000000000000000003FF; };
		000000000000000000000400 = {isa = PBXFileReference; lastKnownFileType = sourcecode.swift; path = "Views/Customer/KioskListingDetailsView.swift"; sourceTree = "<group>"; };
		0000000000000000000007E8 = {isa = PBXBuildFile; fileRef = 000000000000000000000400; };
		000000000000000000000401 = {isa = PBXFileReference; lastKnownFileType = sourcecode.swift; path = "Views/Customer/KioskPhotoViewer.swift"; sourceTree = "<group>"; };
		0000000000000000000007E9 = {isa = PBXBuildFile; fileRef = 000000000000000000000401; };
		000000000000000000000402 = {isa = PBXFileReference; lastKnownFileType = sourcecode.swift; path = "Views/Customer/KioskProductCard.swift"; sourceTree = "<group>"; };
		0000000000000000000007EA = {isa = PBXBuildFile; fileRef = 000000000000000000000402; };
		000000000000000000000403 = {isa = PBXFileReference; lastKnownFileType = sourcecode.swift; path = "Views/Customer/KioskProductDetailView.swift"; sourceTree = "<group>"; };
		0000000000000000000007EB = {isa = PBXBuildFile; fileRef = 000000000000000000000403; };
		000000000000000000000404 = {isa = PBXFileReference; lastKnownFileType = sourcecode.swift; path = "Views/Customer/KioskProductGallery.swift"; sourceTree = "<group>"; };
		0000000000000000000007EC = {isa = PBXBuildFile; fileRef = 000000000000000000000404; };
		000000000000000000000405 = {isa = PBXFileReference; lastKnownFileType = sourcecode.swift; path = "Views/Customer/KioskProductSummary.swift"; sourceTree = "<group>"; };
		0000000000000000000007ED = {isa = PBXBuildFile; fileRef = 000000000000000000000405; };
		000000000000000000000406 = {isa = PBXFileReference; lastKnownFileType = sourcecode.swift; path = "Views/Customer/KioskRemoteImage.swift"; sourceTree = "<group>"; };
		0000000000000000000007EE = {isa = PBXBuildFile; fileRef = 000000000000000000000406; };
		000000000000000000000407 = {isa = PBXFileReference; lastKnownFileType = sourcecode.swift; path = "Views/Customer/KioskStoreHero.swift"; sourceTree = "<group>"; };
		0000000000000000000007EF = {isa = PBXBuildFile; fileRef = 000000000000000000000407; };
		000000000000000000000408 = {isa = PBXFileReference; lastKnownFileType = sourcecode.swift; path = "Views/Customer/KioskVariantRequestView.swift"; sourceTree = "<group>"; };
		0000000000000000000007F0 = {isa = PBXBuildFile; fileRef = 000000000000000000000408; };
		000000000000000000000409 = {isa = PBXFileReference; lastKnownFileType = sourcecode.swift; path = "Views/Customer/KioskZoomablePhoto.swift"; sourceTree = "<group>"; };
		0000000000000000000007F1 = {isa = PBXBuildFile; fileRef = 000000000000000000000409; };
		00000000000000000000040A = {isa = PBXFileReference; lastKnownFileType = sourcecode.swift; path = "Views/KioskIdleNotice.swift"; sourceTree = "<group>"; };
		0000000000000000000007F2 = {isa = PBXBuildFile; fileRef = 00000000000000000000040A; };
		00000000000000000000040B = {isa = PBXFileReference; lastKnownFileType = sourcecode.swift; path = "Views/KioskRootContentView.swift"; sourceTree = "<group>"; };
		0000000000000000000007F3 = {isa = PBXBuildFile; fileRef = 00000000000000000000040B; };
		00000000000000000000040C = {isa = PBXFileReference; lastKnownFileType = sourcecode.swift; path = "Views/KioskStaffBar.swift"; sourceTree = "<group>"; };
		0000000000000000000007F4 = {isa = PBXBuildFile; fileRef = 00000000000000000000040C; };
		00000000000000000000040D = {isa = PBXFileReference; lastKnownFileType = sourcecode.swift; path = "Views/Staff/KioskRequestRow.swift"; sourceTree = "<group>"; };
		0000000000000000000007F5 = {isa = PBXBuildFile; fileRef = 00000000000000000000040D; };
		00000000000000000000040E = {isa = PBXFileReference; lastKnownFileType = sourcecode.swift; path = "Views/Staff/KioskRequestsView.swift"; sourceTree = "<group>"; };
		0000000000000000000007F6 = {isa = PBXBuildFile; fileRef = 00000000000000000000040E; };
		00000000000000000000040F = {isa = PBXFileReference; lastKnownFileType = sourcecode.swift; path = "Views/StoreSetupView.swift"; sourceTree = "<group>"; };
		0000000000000000000007F7 = {isa = PBXBuildFile; fileRef = 00000000000000000000040F; };
		000000000000000000000410 = {isa = PBXFileReference; lastKnownFileType = sourcecode.swift; path = "VoltKioskApp.swift"; sourceTree = "<group>"; };
		0000000000000000000007F8 = {isa = PBXBuildFile; fileRef = 000000000000000000000410; };
		0000000000000000000000D2 = {isa = PBXFileReference; lastKnownFileType = text.plist.xml; path = Info.plist; sourceTree = "<group>"; };
		0000000000000000000000D3 = {isa = PBXFileReference; explicitFileType = wrapper.application; includeInIndex = 0; path = VoltKiosk.app; sourceTree = BUILT_PRODUCTS_DIR; };
		00000000000000000000012C = {isa = PBXGroup; children = (00000000000000000000012D, 00000000000000000000012E); sourceTree = "<group>"; };
		00000000000000000000012D = {isa = PBXGroup; children = (0000000000000000000003E8, 0000000000000000000003E9, 0000000000000000000003EA, 0000000000000000000003EB, 0000000000000000000003EC, 0000000000000000000003ED, 0000000000000000000003EE, 0000000000000000000003EF, 0000000000000000000003F0, 0000000000000000000003F1, 0000000000000000000003F2, 0000000000000000000003F3, 0000000000000000000003F4, 0000000000000000000003F5, 0000000000000000000003F6, 0000000000000000000003F7, 0000000000000000000003F8, 0000000000000000000003F9, 0000000000000000000003FA, 0000000000000000000003FB, 0000000000000000000003FC, 0000000000000000000003FD, 0000000000000000000003FE, 0000000000000000000003FF, 000000000000000000000400, 000000000000000000000401, 000000000000000000000402, 000000000000000000000403, 000000000000000000000404, 000000000000000000000405, 000000000000000000000406, 000000000000000000000407, 000000000000000000000408, 000000000000000000000409, 00000000000000000000040A, 00000000000000000000040B, 00000000000000000000040C, 00000000000000000000040D, 00000000000000000000040E, 00000000000000000000040F, 000000000000000000000410, 0000000000000000000000D2, 000000000000000000002710); path = VoltKiosk; sourceTree = "<group>"; };
		00000000000000000000012E = {isa = PBXGroup; children = (0000000000000000000000D3); name = Products; sourceTree = "<group>"; };
		000000000000000000000190 = {isa = PBXSourcesBuildPhase; buildActionMask = 2147483647; files = (0000000000000000000007D0, 0000000000000000000007D1, 0000000000000000000007D2, 0000000000000000000007D3, 0000000000000000000007D4, 0000000000000000000007D5, 0000000000000000000007D6, 0000000000000000000007D7, 0000000000000000000007D8, 0000000000000000000007D9, 0000000000000000000007DA, 0000000000000000000007DB, 0000000000000000000007DC, 0000000000000000000007DD, 0000000000000000000007DE, 0000000000000000000007DF, 0000000000000000000007E0, 0000000000000000000007E1, 0000000000000000000007E2, 0000000000000000000007E3, 0000000000000000000007E4, 0000000000000000000007E5, 0000000000000000000007E6, 0000000000000000000007E7, 0000000000000000000007E8, 0000000000000000000007E9, 0000000000000000000007EA, 0000000000000000000007EB, 0000000000000000000007EC, 0000000000000000000007ED, 0000000000000000000007EE, 0000000000000000000007EF, 0000000000000000000007F0, 0000000000000000000007F1, 0000000000000000000007F2, 0000000000000000000007F3, 0000000000000000000007F4, 0000000000000000000007F5, 0000000000000000000007F6, 0000000000000000000007F7, 0000000000000000000007F8); runOnlyForDeploymentPostprocessing = 0; };
		000000000000000000000191 = {isa = PBXFrameworksBuildPhase; buildActionMask = 2147483647; files = (); runOnlyForDeploymentPostprocessing = 0; };
		000000000000000000000192 = {isa = PBXResourcesBuildPhase; buildActionMask = 2147483647; files = (000000000000000000002711); runOnlyForDeploymentPostprocessing = 0; };
		0000000000000000000001F4 = {isa = PBXNativeTarget; buildConfigurationList = 000000000000000000000259; buildPhases = (000000000000000000000190, 000000000000000000000191, 000000000000000000000192); buildRules = (); dependencies = (); name = VoltKiosk; productName = VoltKiosk; productReference = 0000000000000000000000D3; productType = "com.apple.product-type.application"; };
		000000000000000000000258 = {isa = XCConfigurationList; buildConfigurations = (000000000000000000000262, 000000000000000000000263); defaultConfigurationIsVisible = 0; defaultConfigurationName = Release; };
		000000000000000000000259 = {isa = XCConfigurationList; buildConfigurations = (000000000000000000000264, 000000000000000000000265); defaultConfigurationIsVisible = 0; defaultConfigurationName = Release; };
		000000000000000000000262 = {isa = XCBuildConfiguration; buildSettings = {
			CLANG_ENABLE_MODULES = YES;
			IPHONEOS_DEPLOYMENT_TARGET = 17.0;
			SDKROOT = iphoneos;
			SWIFT_VERSION = 6.0;
			SWIFT_OPTIMIZATION_LEVEL = "-Onone";
			SWIFT_ACTIVE_COMPILATION_CONDITIONS = "DEBUG $(inherited)";
			DEBUG_INFORMATION_FORMAT = dwarf;
			ENABLE_TESTABILITY = YES;
		}; name = Debug; };
		000000000000000000000263 = {isa = XCBuildConfiguration; buildSettings = {
			CLANG_ENABLE_MODULES = YES;
			IPHONEOS_DEPLOYMENT_TARGET = 17.0;
			SDKROOT = iphoneos;
			SWIFT_VERSION = 6.0;
			SWIFT_COMPILATION_MODE = wholemodule;
			DEBUG_INFORMATION_FORMAT = "dwarf-with-dsym";
			VALIDATE_PRODUCT = YES;
		}; name = Release; };
		000000000000000000000264 = {isa = XCBuildConfiguration; buildSettings = {
			ASSETCATALOG_COMPILER_APPICON_NAME = AppIcon;
			CODE_SIGN_STYLE = Automatic;
			DEVELOPMENT_TEAM = GB5SPLUARQ;
			CURRENT_PROJECT_VERSION = 1;
			MARKETING_VERSION = 1.0.0;
			GENERATE_INFOPLIST_FILE = NO;
			INFOPLIST_FILE = VoltKiosk/Info.plist;
			PRODUCT_BUNDLE_IDENTIFIER = com.volt.kiosk;
			PRODUCT_NAME = "$(TARGET_NAME)";
			TARGETED_DEVICE_FAMILY = 2;
			SUPPORTED_PLATFORMS = "iphoneos iphonesimulator";
			SUPPORTS_MACCATALYST = NO;
			SUPPORTS_MAC_DESIGNED_FOR_IPHONE_IPAD = NO;
			SWIFT_EMIT_LOC_STRINGS = YES;
			LD_RUNPATH_SEARCH_PATHS = "$(inherited) @executable_path/Frameworks";
		}; name = Debug; };
		000000000000000000000265 = {isa = XCBuildConfiguration; buildSettings = {
			ASSETCATALOG_COMPILER_APPICON_NAME = AppIcon;
			CODE_SIGN_STYLE = Automatic;
			DEVELOPMENT_TEAM = GB5SPLUARQ;
			CURRENT_PROJECT_VERSION = 1;
			MARKETING_VERSION = 1.0.0;
			GENERATE_INFOPLIST_FILE = NO;
			INFOPLIST_FILE = VoltKiosk/Info.plist;
			PRODUCT_BUNDLE_IDENTIFIER = com.volt.kiosk;
			PRODUCT_NAME = "$(TARGET_NAME)";
			TARGETED_DEVICE_FAMILY = 2;
			SUPPORTED_PLATFORMS = "iphoneos iphonesimulator";
			SUPPORTS_MACCATALYST = NO;
			SUPPORTS_MAC_DESIGNED_FOR_IPHONE_IPAD = NO;
			SWIFT_EMIT_LOC_STRINGS = YES;
			LD_RUNPATH_SEARCH_PATHS = "$(inherited) @executable_path/Frameworks";
		}; name = Release; };
		0000000000000000000002BC = {isa = PBXProject; attributes = {BuildIndependentTargetsInParallel = YES; LastUpgradeCheck = 1600; TargetAttributes = {0000000000000000000001F4 = {CreatedOnToolsVersion = 16.0; }; }; }; buildConfigurationList = 000000000000000000000258; compatibilityVersion = "Xcode 14.0"; developmentRegion = en; hasScannedForEncodings = 0; knownRegions = (en, Base); mainGroup = 00000000000000000000012C; productRefGroup = 00000000000000000000012E; projectDirPath = ""; projectRoot = ""; targets = (0000000000000000000001F4); };
	};
	rootObject = 0000000000000000000002BC;
}
