// !$*UTF8*$!
{
	archiveVersion = 1;
	classes = {};
	objectVersion = 56;
	objects = {
		000000000000000000000064 = {isa = PBXBuildFile; fileRef = 0000000000000000000000C8; };
		0000000000000000000000C8 = {isa = PBXFileReference; lastKnownFileType = sourcecode.swift; path = VoltKioskApp.swift; sourceTree = "<group>"; };
		000000000000000000000065 = {isa = PBXBuildFile; fileRef = 0000000000000000000000C9; };
		0000000000000000000000C9 = {isa = PBXFileReference; lastKnownFileType = sourcecode.swift; path = KioskView.swift; sourceTree = "<group>"; };
		000000000000000000000066 = {isa = PBXBuildFile; fileRef = 0000000000000000000000CA; };
		0000000000000000000000CA = {isa = PBXFileReference; lastKnownFileType = sourcecode.swift; path = PortalWebView.swift; sourceTree = "<group>"; };
		000000000000000000000067 = {isa = PBXBuildFile; fileRef = 0000000000000000000000CB; };
		0000000000000000000000CB = {isa = PBXFileReference; lastKnownFileType = sourcecode.swift; path = PortalNavigationPolicy.swift; sourceTree = "<group>"; };
		0000000000000000000000D2 = {isa = PBXFileReference; lastKnownFileType = text.plist.xml; path = Info.plist; sourceTree = "<group>"; };
		0000000000000000000000D3 = {isa = PBXFileReference; explicitFileType = wrapper.application; includeInIndex = 0; path = VoltKiosk.app; sourceTree = BUILT_PRODUCTS_DIR; };
		00000000000000000000012C = {isa = PBXGroup; children = (00000000000000000000012D, 00000000000000000000012E); sourceTree = "<group>"; };
		00000000000000000000012D = {isa = PBXGroup; children = (0000000000000000000000C8, 0000000000000000000000C9, 0000000000000000000000CA, 0000000000000000000000CB, 0000000000000000000000D2); path = VoltKiosk; sourceTree = "<group>"; };
		00000000000000000000012E = {isa = PBXGroup; children = (0000000000000000000000D3); name = Products; sourceTree = "<group>"; };
		000000000000000000000190 = {isa = PBXSourcesBuildPhase; buildActionMask = 2147483647; files = (000000000000000000000064, 000000000000000000000065, 000000000000000000000066, 000000000000000000000067); runOnlyForDeploymentPostprocessing = 0; };
		000000000000000000000191 = {isa = PBXFrameworksBuildPhase; buildActionMask = 2147483647; files = (); runOnlyForDeploymentPostprocessing = 0; };
		000000000000000000000192 = {isa = PBXResourcesBuildPhase; buildActionMask = 2147483647; files = (); runOnlyForDeploymentPostprocessing = 0; };
		0000000000000000000001F4 = {isa = PBXNativeTarget; buildConfigurationList = 000000000000000000000259; buildPhases = (000000000000000000000190, 000000000000000000000191, 000000000000000000000192); buildRules = (); dependencies = (); name = VoltKiosk; productName = VoltKiosk; productReference = 0000000000000000000000D3; productType = "com.apple.product-type.application"; };
		000000000000000000000258 = {isa = XCConfigurationList; buildConfigurations = (000000000000000000000262, 000000000000000000000263); defaultConfigurationIsVisible = 0; defaultConfigurationName = Release; };
		000000000000000000000259 = {isa = XCConfigurationList; buildConfigurations = (000000000000000000000264, 000000000000000000000265); defaultConfigurationIsVisible = 0; defaultConfigurationName = Release; };
		000000000000000000000262 = {isa = XCBuildConfiguration; buildSettings = {
			CLANG_ENABLE_MODULES = YES;
			IPHONEOS_DEPLOYMENT_TARGET = 17.0;
			SDKROOT = iphoneos;
			SWIFT_VERSION = 5.0;
			SWIFT_OPTIMIZATION_LEVEL = "-Onone";
			SWIFT_ACTIVE_COMPILATION_CONDITIONS = "DEBUG $(inherited)";
			DEBUG_INFORMATION_FORMAT = dwarf;
			ENABLE_TESTABILITY = YES;
		}; name = Debug; };
		000000000000000000000263 = {isa = XCBuildConfiguration; buildSettings = {
			CLANG_ENABLE_MODULES = YES;
			IPHONEOS_DEPLOYMENT_TARGET = 17.0;
			SDKROOT = iphoneos;
			SWIFT_VERSION = 5.0;
			SWIFT_COMPILATION_MODE = wholemodule;
			DEBUG_INFORMATION_FORMAT = "dwarf-with-dsym";
			VALIDATE_PRODUCT = YES;
		}; name = Release; };
		000000000000000000000264 = {isa = XCBuildConfiguration; buildSettings = {
			CODE_SIGN_STYLE = Automatic;
			DEVELOPMENT_TEAM = GB5SPLUARQ;
			CURRENT_PROJECT_VERSION = 1;
			MARKETING_VERSION = 1.0.0;
			GENERATE_INFOPLIST_FILE = NO;
			INFOPLIST_FILE = VoltKiosk/Info.plist;
			PRODUCT_BUNDLE_IDENTIFIER = com.volt.kiosk;
			PRODUCT_NAME = "$(TARGET_NAME)";
			TARGETED_DEVICE_FAMILY = 2;
			SUPPORTED_PLATFORMS = "iphoneos iphonesimulator";
			SUPPORTS_MACCATALYST = NO;
			SUPPORTS_MAC_DESIGNED_FOR_IPHONE_IPAD = NO;
			SWIFT_EMIT_LOC_STRINGS = YES;
			LD_RUNPATH_SEARCH_PATHS = "$(inherited) @executable_path/Frameworks";
		}; name = Debug; };
		000000000000000000000265 = {isa = XCBuildConfiguration; buildSettings = {
			CODE_SIGN_STYLE = Automatic;
			DEVELOPMENT_TEAM = GB5SPLUARQ;
			CURRENT_PROJECT_VERSION = 1;
			MARKETING_VERSION = 1.0.0;
			GENERATE_INFOPLIST_FILE = NO;
			INFOPLIST_FILE = VoltKiosk/Info.plist;
			PRODUCT_BUNDLE_IDENTIFIER = com.volt.kiosk;
			PRODUCT_NAME = "$(TARGET_NAME)";
			TARGETED_DEVICE_FAMILY = 2;
			SUPPORTED_PLATFORMS = "iphoneos iphonesimulator";
			SUPPORTS_MACCATALYST = NO;
			SUPPORTS_MAC_DESIGNED_FOR_IPHONE_IPAD = NO;
			SWIFT_EMIT_LOC_STRINGS = YES;
			LD_RUNPATH_SEARCH_PATHS = "$(inherited) @executable_path/Frameworks";
		}; name = Release; };
		0000000000000000000002BC = {isa = PBXProject; attributes = {BuildIndependentTargetsInParallel = YES; LastUpgradeCheck = 1600; TargetAttributes = {0000000000000000000001F4 = {CreatedOnToolsVersion = 16.0; }; }; }; buildConfigurationList = 000000000000000000000258; compatibilityVersion = "Xcode 14.0"; developmentRegion = en; hasScannedForEncodings = 0; knownRegions = (en, Base); mainGroup = 00000000000000000000012C; productRefGroup = 00000000000000000000012E; projectDirPath = ""; projectRoot = ""; targets = (0000000000000000000001F4); };
	};
	rootObject = 0000000000000000000002BC;
}
